hash: d62beb76d4cd3889ae6268a079a1535e849647bdfde597e8ef822b18e886f883
updated: 2017-08-24T11:40:13.866544269+03:00
imports:
- name: github.com/julienschmidt/httprouter
  version: 975b5c4c7c21c0e3d2764200bf2aa8e34657ae6e
- name: github.com/rs/cors
  version: 7af7a1e09ba336d2ea14b1ce73bf693c6837dbf6
- name: github.com/stretchr/testify
  version: 69483b4bd14f5845b5a1e55bca19e954e827f1d0
  subpackages:
  - assert
  - require
testImports:
- name: github.com/davecgh/go-spew
  version: 6d212800a42e8ab5c146b8ace3490ee17e5225f9
  subpackages:
  - spew
- name: github.com/pmezard/go-difflib
  version: d8ed2627bdf02c080bf22230dbb337003b7aba2d
  subpackages:
  - difflib
